{
  "name": "ciena-devops",
  "version": "0.0.1",
  "lockfileVersion": 1,
  "requires": true,
  "dependencies": {
    "semver": {
      "version": "5.5.0",
      "resolved": "https://artifactory.ciena.com/api/npm/blueplanet-npm/semver/-/semver-5.5.0.tgz",
      "integrity": "sha1-3Eu8emyp2Rbe5dQ1FvAJK1j3uKs="
    }
  }
}
